// !$*UTF8*$!
{
	archiveVersion = 1;
	classes = {
	};
	objectVersion = 56;
	objects = {

/* Begin PBXBuildFile section */
		B42D9114295016AB009E51F3 /* NetworkService.swift in Sources */ = {isa = PBXBuildFile; fileRef = B42D9113295016AB009E51F3 /* NetworkService.swift */; };
		B42D911729501A39009E51F3 /* UserRequestDTO+Mapping.swift in Sources */ = {isa = PBXBuildFile; fileRef = B42D911629501A39009E51F3 /* UserRequestDTO+Mapping.swift */; };
		B42D911929501B35009E51F3 /* UserResponseDTO+Mapping.swift in Sources */ = {isa = PBXBuildFile; fileRef = B42D911829501B35009E51F3 /* UserResponseDTO+Mapping.swift */; };
		B42D911B29501B66009E51F3 /* PostResponseDTO+Mapping.swift in Sources */ = {isa = PBXBuildFile; fileRef = B42D911A29501B66009E51F3 /* PostResponseDTO+Mapping.swift */; };
		B459F7422952D59500BB3AF2 /* HomeViewController.swift in Sources */ = {isa = PBXBuildFile; fileRef = B459F7412952D59500BB3AF2 /* HomeViewController.swift */; };
		B459F74429536D8700BB3AF2 /* HomeTableViewCell.swift in Sources */ = {isa = PBXBuildFile; fileRef = B459F74329536D8700BB3AF2 /* HomeTableViewCell.swift */; };
		B459F746295419EC00BB3AF2 /* HomeTabBarController.swift in Sources */ = {isa = PBXBuildFile; fileRef = B459F745295419EC00BB3AF2 /* HomeTabBarController.swift */; };
		B459F74929541F2800BB3AF2 /* MyPageViewController.swift in Sources */ = {isa = PBXBuildFile; fileRef = B459F74829541F2800BB3AF2 /* MyPageViewController.swift */; };
		B4B1669B2939D39600971309 /* AppDelegate.swift in Sources */ = {isa = PBXBuildFile; fileRef = B4B1669A2939D39600971309 /* AppDelegate.swift */; };
		B4B1669D2939D39600971309 /* SceneDelegate.swift in Sources */ = {isa = PBXBuildFile; fileRef = B4B1669C2939D39600971309 /* SceneDelegate.swift */; };
		B4B166A42939D39700971309 /* Assets.xcassets in Resources */ = {isa = PBXBuildFile; fileRef = B4B166A32939D39700971309 /* Assets.xcassets */; };
		B4B166A72939D39700971309 /* LaunchScreen.storyboard in Resources */ = {isa = PBXBuildFile; fileRef = B4B166A52939D39700971309 /* LaunchScreen.storyboard */; };
		B4DC157C29517B2F00B8FFEB /* NetworkUsersRepository.swift in Sources */ = {isa = PBXBuildFile; fileRef = B4DC157B29517B2F00B8FFEB /* NetworkUsersRepository.swift */; };
		B4DC15812951818500B8FFEB /* PostsUseCase.swift in Sources */ = {isa = PBXBuildFile; fileRef = B4DC15802951818500B8FFEB /* PostsUseCase.swift */; };
		B4DC1583295181AA00B8FFEB /* PostsRepository.swift in Sources */ = {isa = PBXBuildFile; fileRef = B4DC1582295181AA00B8FFEB /* PostsRepository.swift */; };
		B4DC1585295184EA00B8FFEB /* NetworkPostsRepository.swift in Sources */ = {isa = PBXBuildFile; fileRef = B4DC1584295184EA00B8FFEB /* NetworkPostsRepository.swift */; };
		B4DC15892951902300B8FFEB /* MainViewController.swift in Sources */ = {isa = PBXBuildFile; fileRef = B4DC15882951902300B8FFEB /* MainViewController.swift */; };
		B4DC158E2951951500B8FFEB /* SBTextField.swift in Sources */ = {isa = PBXBuildFile; fileRef = B4DC158D2951951500B8FFEB /* SBTextField.swift */; };
		B4DC15902951971E00B8FFEB /* SBButton.swift in Sources */ = {isa = PBXBuildFile; fileRef = B4DC158F2951971E00B8FFEB /* SBButton.swift */; };
		B4FF615F294C36D4003A2787 /* User.swift in Sources */ = {isa = PBXBuildFile; fileRef = B4FF615E294C36D4003A2787 /* User.swift */; };
		B4FF6161294C370D003A2787 /* Post.swift in Sources */ = {isa = PBXBuildFile; fileRef = B4FF6160294C370D003A2787 /* Post.swift */; };
		B4FF6165294C4879003A2787 /* UsersUseCase.swift in Sources */ = {isa = PBXBuildFile; fileRef = B4FF6164294C4879003A2787 /* UsersUseCase.swift */; };
		B4FF6168294C4903003A2787 /* UsersRepository.swift in Sources */ = {isa = PBXBuildFile; fileRef = B4FF6167294C4903003A2787 /* UsersRepository.swift */; };
/* End PBXBuildFile section */

/* Begin PBXFileReference section */
		B42D9113295016AB009E51F3 /* NetworkService.swift */ = {isa = PBXFileReference; lastKnownFileType = sourcecode.swift; path = NetworkService.swift; sourceTree = "<group>"; };
		B42D911629501A39009E51F3 /* UserRequestDTO+Mapping.swift */ = {isa = PBXFileReference; lastKnownFileType = sourcecode.swift; path = "UserRequestDTO+Mapping.swift"; sourceTree = "<group>"; };
		B42D911829501B35009E51F3 /* UserResponseDTO+Mapping.swift */ = {isa = PBXFileReference; lastKnownFileType = sourcecode.swift; path = "UserResponseDTO+Mapping.swift"; sourceTree = "<group>"; };
		B42D911A29501B66009E51F3 /* PostResponseDTO+Mapping.swift */ = {isa = PBXFileReference; lastKnownFileType = sourcecode.swift; path = "PostResponseDTO+Mapping.swift"; sourceTree = "<group>"; };
		B459F7412952D59500BB3AF2 /* HomeViewController.swift */ = {isa = PBXFileReference; lastKnownFileType = sourcecode.swift; path = HomeViewController.swift; sourceTree = "<group>"; };
		B459F74329536D8700BB3AF2 /* HomeTableViewCell.swift */ = {isa = PBXFileReference; lastKnownFileType = sourcecode.swift; path = HomeTableViewCell.swift; sourceTree = "<group>"; };
		B459F745295419EC00BB3AF2 /* HomeTabBarController.swift */ = {isa = PBXFileReference; lastKnownFileType = sourcecode.swift; path = HomeTabBarController.swift; sourceTree = "<group>"; };
		B459F74829541F2800BB3AF2 /* MyPageViewController.swift */ = {isa = PBXFileReference; lastKnownFileType = sourcecode.swift; path = MyPageViewController.swift; sourceTree = "<group>"; };
		B4B166972939D39600971309 /* SmileBlog.app */ = {isa = PBXFileReference; explicitFileType = wrapper.application; includeInIndex = 0; path = SmileBlog.app; sourceTree = BUILT_PRODUCTS_DIR; };
		B4B1669A2939D39600971309 /* AppDelegate.swift */ = {isa = PBXFileReference; lastKnownFileType = sourcecode.swift; path = AppDelegate.swift; sourceTree = "<group>"; };
		B4B1669C2939D39600971309 /* SceneDelegate.swift */ = {isa = PBXFileReference; lastKnownFileType = sourcecode.swift; path = SceneDelegate.swift; sourceTree = "<group>"; };
		B4B166A32939D39700971309 /* Assets.xcassets */ = {isa = PBXFileReference; lastKnownFileType = folder.assetcatalog; path = Assets.xcassets; sourceTree = "<group>"; };
		B4B166A62939D39700971309 /* Base */ = {isa = PBXFileReference; lastKnownFileType = file.storyboard; name = Base; path = Base.lproj/LaunchScreen.storyboard; sourceTree = "<group>"; };
		B4B166A82939D39700971309 /* Info.plist */ = {isa = PBXFileReference; lastKnownFileType = text.plist.xml; path = Info.plist; sourceTree = "<group>"; };
		B4DC157B29517B2F00B8FFEB /* NetworkUsersRepository.swift */ = {isa = PBXFileReference; lastKnownFileType = sourcecode.swift; path = NetworkUsersRepository.swift; sourceTree = "<group>"; };
		B4DC15802951818500B8FFEB /* PostsUseCase.swift */ = {isa = PBXFileReference; lastKnownFileType = sourcecode.swift; path = PostsUseCase.swift; sourceTree = "<group>"; };
		B4DC1582295181AA00B8FFEB /* PostsRepository.swift */ = {isa = PBXFileReference; lastKnownFileType = sourcecode.swift; path = PostsRepository.swift; sourceTree = "<group>"; };
		B4DC1584295184EA00B8FFEB /* NetworkPostsRepository.swift */ = {isa = PBXFileReference; lastKnownFileType = sourcecode.swift; path = NetworkPostsRepository.swift; sourceTree = "<group>"; };
		B4DC15882951902300B8FFEB /* MainViewController.swift */ = {isa = PBXFileReference; lastKnownFileType = sourcecode.swift; path = MainViewController.swift; sourceTree = "<group>"; };
		B4DC158D2951951500B8FFEB /* SBTextField.swift */ = {isa = PBXFileReference; lastKnownFileType = sourcecode.swift; path = SBTextField.swift; sourceTree = "<group>"; };
		B4DC158F2951971E00B8FFEB /* SBButton.swift */ = {isa = PBXFileReference; lastKnownFileType = sourcecode.swift; path = SBButton.swift; sourceTree = "<group>"; };
		B4FF615E294C36D4003A2787 /* User.swift */ = {isa = PBXFileReference; lastKnownFileType = sourcecode.swift; path = User.swift; sourceTree = "<group>"; };
		B4FF6160294C370D003A2787 /* Post.swift */ = {isa = PBXFileReference; lastKnownFileType = sourcecode.swift; path = Post.swift; sourceTree = "<group>"; };
		B4FF6164294C4879003A2787 /* UsersUseCase.swift */ = {isa = PBXFileReference; lastKnownFileType = sourcecode.swift; path = UsersUseCase.swift; sourceTree = "<group>"; };
		B4FF6167294C4903003A2787 /* UsersRepository.swift */ = {isa = PBXFileReference; lastKnownFileType = sourcecode.swift; path = UsersRepository.swift; sourceTree = "<group>"; };
/* End PBXFileReference section */

/* Begin PBXFrameworksBuildPhase section */
		B4B166942939D39600971309 /* Frameworks */ = {
			isa = PBXFrameworksBuildPhase;
			buildActionMask = 2147483647;
			files = (
			);
			runOnlyForDeploymentPostprocessing = 0;
		};
/* End PBXFrameworksBuildPhase section */

/* Begin PBXGroup section */
		B42D911129501655009E51F3 /* Data */ = {
			isa = PBXGroup;
			children = (
				B4DC157A29517B2000B8FFEB /* Repositories */,
				B42D911229501657009E51F3 /* Network */,
			);
			path = Data;
			sourceTree = "<group>";
		};
		B42D911229501657009E51F3 /* Network */ = {
			isa = PBXGroup;
			children = (
				B42D911529501A1C009E51F3 /* DataMapping */,
				B42D9113295016AB009E51F3 /* NetworkService.swift */,
			);
			path = Network;
			sourceTree = "<group>";
		};
		B42D911529501A1C009E51F3 /* DataMapping */ = {
			isa = PBXGroup;
			children = (
				B42D911629501A39009E51F3 /* UserRequestDTO+Mapping.swift */,
				B42D911829501B35009E51F3 /* UserResponseDTO+Mapping.swift */,
				B42D911A29501B66009E51F3 /* PostResponseDTO+Mapping.swift */,
			);
			path = DataMapping;
			sourceTree = "<group>";
		};
		B4B1668E2939D39600971309 = {
			isa = PBXGroup;
			children = (
				B4B166992939D39600971309 /* SmileBlog */,
				B4B166982939D39600971309 /* Products */,
			);
			sourceTree = "<group>";
		};
		B4B166982939D39600971309 /* Products */ = {
			isa = PBXGroup;
			children = (
				B4B166972939D39600971309 /* SmileBlog.app */,
			);
			name = Products;
			sourceTree = "<group>";
		};
		B4B166992939D39600971309 /* SmileBlog */ = {
			isa = PBXGroup;
			children = (
				B4B1669A2939D39600971309 /* AppDelegate.swift */,
				B4B166A32939D39700971309 /* Assets.xcassets */,
				B42D911129501655009E51F3 /* Data */,
				B4FF6162294C47EB003A2787 /* Domain */,
				B4B166A82939D39700971309 /* Info.plist */,
				B4B166A52939D39700971309 /* LaunchScreen.storyboard */,
				B4DC15862951900A00B8FFEB /* Presentation */,
				B4B1669C2939D39600971309 /* SceneDelegate.swift */,
			);
			path = SmileBlog;
			sourceTree = "<group>";
		};
		B4DC157A29517B2000B8FFEB /* Repositories */ = {
			isa = PBXGroup;
			children = (
				B4DC157B29517B2F00B8FFEB /* NetworkUsersRepository.swift */,
				B4DC1584295184EA00B8FFEB /* NetworkPostsRepository.swift */,
			);
			path = Repositories;
			sourceTree = "<group>";
		};
		B4DC15862951900A00B8FFEB /* Presentation */ = {
			isa = PBXGroup;
			children = (
				B4DC158C2951950900B8FFEB /* Common */,
				B4DC158A295190AD00B8FFEB /* HomeScreen */,
				B4DC15872951901C00B8FFEB /* MainScreen */,
			);
			path = Presentation;
			sourceTree = "<group>";
		};
		B4DC15872951901C00B8FFEB /* MainScreen */ = {
			isa = PBXGroup;
			children = (
				B4DC15882951902300B8FFEB /* MainViewController.swift */,
			);
			path = MainScreen;
			sourceTree = "<group>";
		};
		B4DC158A295190AD00B8FFEB /* HomeScreen */ = {
			isa = PBXGroup;
			children = (
				B459F7412952D59500BB3AF2 /* HomeViewController.swift */,
				B459F74329536D8700BB3AF2 /* HomeTableViewCell.swift */,
				B459F745295419EC00BB3AF2 /* HomeTabBarController.swift */,
				B459F74829541F2800BB3AF2 /* MyPageViewController.swift */,
			);
			path = HomeScreen;
			sourceTree = "<group>";
		};
		B4DC158B2951950100B8FFEB /* CustomViews */ = {
			isa = PBXGroup;
			children = (
				B4DC158D2951951500B8FFEB /* SBTextField.swift */,
				B4DC158F2951971E00B8FFEB /* SBButton.swift */,
			);
			path = CustomViews;
			sourceTree = "<group>";
		};
		B4DC158C2951950900B8FFEB /* Common */ = {
			isa = PBXGroup;
			children = (
				B4DC158B2951950100B8FFEB /* CustomViews */,
			);
			path = Common;
			sourceTree = "<group>";
		};
		B4FF615B294C355E003A2787 /* Entities */ = {
			isa = PBXGroup;
			children = (
				B4FF615E294C36D4003A2787 /* User.swift */,
				B4FF6160294C370D003A2787 /* Post.swift */,
			);
			path = Entities;
			sourceTree = "<group>";
		};
		B4FF6162294C47EB003A2787 /* Domain */ = {
			isa = PBXGroup;
			children = (
				B4FF6166294C48DD003A2787 /* Repositories */,
				B4FF6163294C4861003A2787 /* UseCases */,
				B4FF615B294C355E003A2787 /* Entities */,
			);
			path = Domain;
			sourceTree = "<group>";
		};
		B4FF6163294C4861003A2787 /* UseCases */ = {
			isa = PBXGroup;
			children = (
				B4FF6164294C4879003A2787 /* UsersUseCase.swift */,
				B4DC15802951818500B8FFEB /* PostsUseCase.swift */,
			);
			path = UseCases;
			sourceTree = "<group>";
		};
		B4FF6166294C48DD003A2787 /* Repositories */ = {
			isa = PBXGroup;
			children = (
				B4FF6169294C490F003A2787 /* Interfaces */,
			);
			path = Repositories;
			sourceTree = "<group>";
		};
		B4FF6169294C490F003A2787 /* Interfaces */ = {
			isa = PBXGroup;
			children = (
				B4FF6167294C4903003A2787 /* UsersRepository.swift */,
				B4DC1582295181AA00B8FFEB /* PostsRepository.swift */,
			);
			path = Interfaces;
			sourceTree = "<group>";
		};
/* End PBXGroup section */

/* Begin PBXNativeTarget section */
		B4B166962939D39600971309 /* SmileBlog */ = {
			isa = PBXNativeTarget;
			buildConfigurationList = B4B166AB2939D39700971309 /* Build configuration list for PBXNativeTarget "SmileBlog" */;
			buildPhases = (
				B4B166932939D39600971309 /* Sources */,
				B4B166942939D39600971309 /* Frameworks */,
				B4B166952939D39600971309 /* Resources */,
			);
			buildRules = (
			);
			dependencies = (
			);
			name = SmileBlog;
			productName = SmileBlog;
			productReference = B4B166972939D39600971309 /* SmileBlog.app */;
			productType = "com.apple.product-type.application";
		};
/* End PBXNativeTarget section */

/* Begin PBXProject section */
		B4B1668F2939D39600971309 /* Project object */ = {
			isa = PBXProject;
			attributes = {
				BuildIndependentTargetsInParallel = 1;
				LastSwiftUpdateCheck = 1410;
				LastUpgradeCheck = 1410;
				TargetAttributes = {
					B4B166962939D39600971309 = {
						CreatedOnToolsVersion = 14.1;
					};
				};
			};
			buildConfigurationList = B4B166922939D39600971309 /* Build configuration list for PBXProject "SmileBlog" */;
			compatibilityVersion = "Xcode 14.0";
			developmentRegion = en;
			hasScannedForEncodings = 0;
			knownRegions = (
				en,
				Base,
			);
			mainGroup = B4B1668E2939D39600971309;
			productRefGroup = B4B166982939D39600971309 /* Products */;
			projectDirPath = "";
			projectRoot = "";
			targets = (
				B4B166962939D39600971309 /* SmileBlog */,
			);
		};
/* End PBXProject section */

/* Begin PBXResourcesBuildPhase section */
		B4B166952939D39600971309 /* Resources */ = {
			isa = PBXResourcesBuildPhase;
			buildActionMask = 2147483647;
			files = (
				B4B166A72939D39700971309 /* LaunchScreen.storyboard in Resources */,
				B4B166A42939D39700971309 /* Assets.xcassets in Resources */,
			);
			runOnlyForDeploymentPostprocessing = 0;
		};
/* End PBXResourcesBuildPhase section */

/* Begin PBXSourcesBuildPhase section */
		B4B166932939D39600971309 /* Sources */ = {
			isa = PBXSourcesBuildPhase;
			buildActionMask = 2147483647;
			files = (
				B4FF615F294C36D4003A2787 /* User.swift in Sources */,
				B4DC158E2951951500B8FFEB /* SBTextField.swift in Sources */,
				B4FF6168294C4903003A2787 /* UsersRepository.swift in Sources */,
				B4DC15812951818500B8FFEB /* PostsUseCase.swift in Sources */,
				B4DC15902951971E00B8FFEB /* SBButton.swift in Sources */,
				B459F7422952D59500BB3AF2 /* HomeViewController.swift in Sources */,
				B459F74429536D8700BB3AF2 /* HomeTableViewCell.swift in Sources */,
				B4DC1585295184EA00B8FFEB /* NetworkPostsRepository.swift in Sources */,
				B42D9114295016AB009E51F3 /* NetworkService.swift in Sources */,
				B42D911B29501B66009E51F3 /* PostResponseDTO+Mapping.swift in Sources */,
				B4FF6165294C4879003A2787 /* UsersUseCase.swift in Sources */,
				B4DC15892951902300B8FFEB /* MainViewController.swift in Sources */,
				B42D911729501A39009E51F3 /* UserRequestDTO+Mapping.swift in Sources */,
				B42D911929501B35009E51F3 /* UserResponseDTO+Mapping.swift in Sources */,
				B459F746295419EC00BB3AF2 /* HomeTabBarController.swift in Sources */,
				B4DC1583295181AA00B8FFEB /* PostsRepository.swift in Sources */,
				B459F74929541F2800BB3AF2 /* MyPageViewController.swift in Sources */,
				B4B1669B2939D39600971309 /* AppDelegate.swift in Sources */,
				B4B1669D2939D39600971309 /* SceneDelegate.swift in Sources */,
				B4FF6161294C370D003A2787 /* Post.swift in Sources */,
				B4DC157C29517B2F00B8FFEB /* NetworkUsersRepository.swift in Sources */,
			);
			runOnlyForDeploymentPostprocessing = 0;
		};
/* End PBXSourcesBuildPhase section */

/* Begin PBXVariantGroup section */
		B4B166A52939D39700971309 /* LaunchScreen.storyboard */ = {
			isa = PBXVariantGroup;
			children = (
				B4B166A62939D39700971309 /* Base */,
			);
			name = LaunchScreen.storyboard;
			sourceTree = "<group>";
		};
/* End PBXVariantGroup section */

/* Begin XCBuildConfiguration section */
		B4B166A92939D39700971309 /* Debug */ = {
			isa = XCBuildConfiguration;
			buildSettings = {
				ALWAYS_SEARCH_USER_PATHS = NO;
				CLANG_ANALYZER_NONNULL = YES;
				CLANG_ANALYZER_NUMBER_OBJECT_CONVERSION = YES_AGGRESSIVE;
				CLANG_CXX_LANGUAGE_STANDARD = "gnu++20";
				CLANG_ENABLE_MODULES = YES;
				CLANG_ENABLE_OBJC_ARC = YES;
				CLANG_ENABLE_OBJC_WEAK = YES;
				CLANG_WARN_BLOCK_CAPTURE_AUTORELEASING = YES;
				CLANG_WARN_BOOL_CONVERSION = YES;
				CLANG_WARN_COMMA = YES;
				CLANG_WARN_CONSTANT_CONVERSION = YES;
				CLANG_WARN_DEPRECATED_OBJC_IMPLEMENTATIONS = YES;
				CLANG_WARN_DIRECT_OBJC_ISA_USAGE = YES_ERROR;
				CLANG_WARN_DOCUMENTATION_COMMENTS = YES;
				CLANG_WARN_EMPTY_BODY = YES;
				CLANG_WARN_ENUM_CONVERSION = YES;
				CLANG_WARN_INFINITE_RECURSION = YES;
				CLANG_WARN_INT_CONVERSION = YES;
				CLANG_WARN_NON_LITERAL_NULL_CONVERSION = YES;
				CLANG_WARN_OBJC_IMPLICIT_RETAIN_SELF = YES;
				CLANG_WARN_OBJC_LITERAL_CONVERSION = YES;
				CLANG_WARN_OBJC_ROOT_CLASS = YES_ERROR;
				CLANG_WARN_QUOTED_INCLUDE_IN_FRAMEWORK_HEADER = YES;
				CLANG_WARN_RANGE_LOOP_ANALYSIS = YES;
				CLANG_WARN_STRICT_PROTOTYPES = YES;
				CLANG_WARN_SUSPICIOUS_MOVE = YES;
				CLANG_WARN_UNGUARDED_AVAILABILITY = YES_AGGRESSIVE;
				CLANG_WARN_UNREACHABLE_CODE = YES;
				CLANG_WARN__DUPLICATE_METHOD_MATCH = YES;
				COPY_PHASE_STRIP = NO;
				DEBUG_INFORMATION_FORMAT = dwarf;
				ENABLE_STRICT_OBJC_MSGSEND = YES;
				ENABLE_TESTABILITY = YES;
				GCC_C_LANGUAGE_STANDARD = gnu11;
				GCC_DYNAMIC_NO_PIC = NO;
				GCC_NO_COMMON_BLOCKS = YES;
				GCC_OPTIMIZATION_LEVEL = 0;
				GCC_PREPROCESSOR_DEFINITIONS = (
					"DEBUG=1",
					"$(inherited)",
				);
				GCC_WARN_64_TO_32_BIT_CONVERSION = YES;
				GCC_WARN_ABOUT_RETURN_TYPE = YES_ERROR;
				GCC_WARN_UNDECLARED_SELECTOR = YES;
				GCC_WARN_UNINITIALIZED_AUTOS = YES_AGGRESSIVE;
				GCC_WARN_UNUSED_FUNCTION = YES;
				GCC_WARN_UNUSED_VARIABLE = YES;
				IPHONEOS_DEPLOYMENT_TARGET = 16.1;
				MTL_ENABLE_DEBUG_INFO = INCLUDE_SOURCE;
				MTL_FAST_MATH = YES;
				ONLY_ACTIVE_ARCH = YES;
				SDKROOT = iphoneos;
				SWIFT_ACTIVE_COMPILATION_CONDITIONS = DEBUG;
				SWIFT_OPTIMIZATION_LEVEL = "-Onone";
			};
			name = Debug;
		};
		B4B166AA2939D39700971309 /* Release */ = {
			isa = XCBuildConfiguration;
			buildSettings = {
				ALWAYS_SEARCH_USER_PATHS = NO;
				CLANG_ANALYZER_NONNULL = YES;
				CLANG_ANALYZER_NUMBER_OBJECT_CONVERSION = YES_AGGRESSIVE;
				CLANG_CXX_LANGUAGE_STANDARD = "gnu++20";
				CLANG_ENABLE_MODULES = YES;
				CLANG_ENABLE_OBJC_ARC = YES;
				CLANG_ENABLE_OBJC_WEAK = YES;
				CLANG_WARN_BLOCK_CAPTURE_AUTORELEASING = YES;
				CLANG_WARN_BOOL_CONVERSION = YES;
				CLANG_WARN_COMMA = YES;
				CLANG_WARN_CONSTANT_CONVERSION = YES;
				CLANG_WARN_DEPRECATED_OBJC_IMPLEMENTATIONS = YES;
				CLANG_WARN_DIRECT_OBJC_ISA_USAGE = YES_ERROR;
				CLANG_WARN_DOCUMENTATION_COMMENTS = YES;
				CLANG_WARN_EMPTY_BODY = YES;
				CLANG_WARN_ENUM_CONVERSION = YES;
				CLANG_WARN_INFINITE_RECURSION = YES;
				CLANG_WARN_INT_CONVERSION = YES;
				CLANG_WARN_NON_LITERAL_NULL_CONVERSION = YES;
				CLANG_WARN_OBJC_IMPLICIT_RETAIN_SELF = YES;
				CLANG_WARN_OBJC_LITERAL_CONVERSION = YES;
				CLANG_WARN_OBJC_ROOT_CLASS = YES_ERROR;
				CLANG_WARN_QUOTED_INCLUDE_IN_FRAMEWORK_HEADER = YES;
				CLANG_WARN_RANGE_LOOP_ANALYSIS = YES;
				CLANG_WARN_STRICT_PROTOTYPES = YES;
				CLANG_WARN_SUSPICIOUS_MOVE = YES;
				CLANG_WARN_UNGUARDED_AVAILABILITY = YES_AGGRESSIVE;
				CLANG_WARN_UNREACHABLE_CODE = YES;
				CLANG_WARN__DUPLICATE_METHOD_MATCH = YES;
				COPY_PHASE_STRIP = NO;
				DEBUG_INFORMATION_FORMAT = "dwarf-with-dsym";
				ENABLE_NS_ASSERTIONS = NO;
				ENABLE_STRICT_OBJC_MSGSEND = YES;
				GCC_C_LANGUAGE_STANDARD = gnu11;
				GCC_NO_COMMON_BLOCKS = YES;
				GCC_WARN_64_TO_32_BIT_CONVERSION = YES;
				GCC_WARN_ABOUT_RETURN_TYPE = YES_ERROR;
				GCC_WARN_UNDECLARED_SELECTOR = YES;
				GCC_WARN_UNINITIALIZED_AUTOS = YES_AGGRESSIVE;
				GCC_WARN_UNUSED_FUNCTION = YES;
				GCC_WARN_UNUSED_VARIABLE = YES;
				IPHONEOS_DEPLOYMENT_TARGET = 16.1;
				MTL_ENABLE_DEBUG_INFO = NO;
				MTL_FAST_MATH = YES;
				SDKROOT = iphoneos;
				SWIFT_COMPILATION_MODE = wholemodule;
				SWIFT_OPTIMIZATION_LEVEL = "-O";
				VALIDATE_PRODUCT = YES;
			};
			name = Release;
		};
		B4B166AC2939D39700971309 /* Debug */ = {
			isa = XCBuildConfiguration;
			buildSettings = {
				ASSETCATALOG_COMPILER_APPICON_NAME = AppIcon;
				ASSETCATALOG_COMPILER_GLOBAL_ACCENT_COLOR_NAME = AccentColor;
				CODE_SIGN_STYLE = Automatic;
				CURRENT_PROJECT_VERSION = 1;
				DEVELOPMENT_TEAM = SK9D9HK9A2;
				GENERATE_INFOPLIST_FILE = YES;
				INFOPLIST_FILE = SmileBlog/Info.plist;
				INFOPLIST_KEY_UIApplicationSupportsIndirectInputEvents = YES;
				INFOPLIST_KEY_UILaunchStoryboardName = LaunchScreen;
				INFOPLIST_KEY_UISupportedInterfaceOrientations_iPad = "UIInterfaceOrientationPortrait UIInterfaceOrientationPortraitUpsideDown UIInterfaceOrientationLandscapeLeft UIInterfaceOrientationLandscapeRight";
				INFOPLIST_KEY_UISupportedInterfaceOrientations_iPhone = "UIInterfaceOrientationPortrait UIInterfaceOrientationLandscapeLeft UIInterfaceOrientationLandscapeRight";
				IPHONEOS_DEPLOYMENT_TARGET = 14.0;
				LD_RUNPATH_SEARCH_PATHS = (
					"$(inherited)",
					"@executable_path/Frameworks",
				);
				MARKETING_VERSION = 1.0;
				PRODUCT_BUNDLE_IDENTIFIER = com.howift.SmileBlog;
				PRODUCT_NAME = "$(TARGET_NAME)";
				SWIFT_EMIT_LOC_STRINGS = YES;
				SWIFT_VERSION = 5.0;
				TARGETED_DEVICE_FAMILY = "1,2";
			};
			name = Debug;
		};
		B4B166AD2939D39700971309 /* Release */ = {
			isa = XCBuildConfiguration;
			buildSettings = {
				ASSETCATALOG_COMPILER_APPICON_NAME = AppIcon;
				ASSETCATALOG_COMPILER_GLOBAL_ACCENT_COLOR_NAME = AccentColor;
				CODE_SIGN_STYLE = Automatic;
				CURRENT_PROJECT_VERSION = 1;
				DEVELOPMENT_TEAM = SK9D9HK9A2;
				GENERATE_INFOPLIST_FILE = YES;
				INFOPLIST_FILE = SmileBlog/Info.plist;
				INFOPLIST_KEY_UIApplicationSupportsIndirectInputEvents = YES;
				INFOPLIST_KEY_UILaunchStoryboardName = LaunchScreen;
				INFOPLIST_KEY_UISupportedInterfaceOrientations_iPad = "UIInterfaceOrientationPortrait UIInterfaceOrientationPortraitUpsideDown UIInterfaceOrientationLandscapeLeft UIInterfaceOrientationLandscapeRight";
				INFOPLIST_KEY_UISupportedInterfaceOrientations_iPhone = "UIInterfaceOrientationPortrait UIInterfaceOrientationLandscapeLeft UIInterfaceOrientationLandscapeRight";
				IPHONEOS_DEPLOYMENT_TARGET = 14.0;
				LD_RUNPATH_SEARCH_PATHS = (
					"$(inherited)",
					"@executable_path/Frameworks",
				);
				MARKETING_VERSION = 1.0;
				PRODUCT_BUNDLE_IDENTIFIER = com.howift.SmileBlog;
				PRODUCT_NAME = "$(TARGET_NAME)";
				SWIFT_EMIT_LOC_STRINGS = YES;
				SWIFT_VERSION = 5.0;
				TARGETED_DEVICE_FAMILY = "1,2";
			};
			name = Release;
		};
/* End XCBuildConfiguration section */

/* Begin XCConfigurationList section */
		B4B166922939D39600971309 /* Build configuration list for PBXProject "SmileBlog" */ = {
			isa = XCConfigurationList;
			buildConfigurations = (
				B4B166A92939D39700971309 /* Debug */,
				B4B166AA2939D39700971309 /* Release */,
			);
			defaultConfigurationIsVisible = 0;
			defaultConfigurationName = Release;
		};
		B4B166AB2939D39700971309 /* Build configuration list for PBXNativeTarget "SmileBlog" */ = {
			isa = XCConfigurationList;
			buildConfigurations = (
				B4B166AC2939D39700971309 /* Debug */,
				B4B166AD2939D39700971309 /* Release */,
			);
			defaultConfigurationIsVisible = 0;
			defaultConfigurationName = Release;
		};
/* End XCConfigurationList section */
	};
	rootObject = B4B1668F2939D39600971309 /* Project object */;
}
